version = 1

[[package]]
name = "flask"
version = "3.0.0"
source = { registry = "https://pypi.org/simple" }

[[package]]
name = "click"
version = "8.1.7"
source = { registry = "https://pypi.org/simple" }

[[package]]
name = "werkzeug"
version = "3.0.1"
source = { registry = "https://pypi.org/simple" }
